
Microsoft Visual Studio Solution File, Format Version 12.00
# Visual Studio for Mac
Project("{FAE04EC0-301F-11D3-BF4B-00C04F79EFBC}") = "rush_02_9pm", "rush_02_9pm.csproj", "{5F08EE12-426D-632E-9930-4A586FDB446D}"
EndProject
Project("{FAE04EC0-301F-11D3-BF4B-00C04F79EFBC}") = "rush_02_9pm.Editor", "rush_02_9pm.Editor.csproj", "{55388DC3-3070-4611-7624-9DED58A63BE0}"
EndProject
Global
	GlobalSection(SolutionConfigurationPlatforms) = preSolution
		Debug|Any CPU = Debug|Any CPU
		Release|Any CPU = Release|Any CPU
	EndGlobalSection
	GlobalSection(ProjectConfigurationPlatforms) = postSolution
		{5F08EE12-426D-632E-9930-4A586FDB446D}.Debug|Any CPU.ActiveCfg = Debug|Any CPU
		{5F08EE12-426D-632E-9930-4A586FDB446D}.Debug|Any CPU.Build.0 = Debug|Any CPU
		{5F08EE12-426D-632E-9930-4A586FDB446D}.Release|Any CPU.ActiveCfg = Release|Any CPU
		{5F08EE12-426D-632E-9930-4A586FDB446D}.Release|Any CPU.Build.0 = Release|Any CPU
		{55388DC3-3070-4611-7624-9DED58A63BE0}.Debug|Any CPU.ActiveCfg = Debug|Any CPU
		{55388DC3-3070-4611-7624-9DED58A63BE0}.Debug|Any CPU.Build.0 = Debug|Any CPU
		{55388DC3-3070-4611-7624-9DED58A63BE0}.Release|Any CPU.ActiveCfg = Release|Any CPU
		{55388DC3-3070-4611-7624-9DED58A63BE0}.Release|Any CPU.Build.0 = Release|Any CPU
	EndGlobalSection
	GlobalSection(SolutionProperties) = preSolution
		HideSolutionNode = FALSE
	EndGlobalSection
EndGlobal
