
Microsoft Visual Studio Solution File, Format Version 12.00
# Visual Studio for Mac
Project("{FAE04EC0-301F-11D3-BF4B-00C04F79EFBC}") = "Rush_00_7pm", "Rush_00_7pm.csproj", "{10AB55BF-0094-D35C-1E76-FD6C9CAAF94F}"
EndProject
Project("{FAE04EC0-301F-11D3-BF4B-00C04F79EFBC}") = "Rush_00_7pm.Editor", "Rush_00_7pm.Editor.csproj", "{D754C677-3930-FA06-46E6-57AA2A35520F}"
EndProject
Global
	GlobalSection(SolutionConfigurationPlatforms) = preSolution
		Debug|Any CPU = Debug|Any CPU
		Release|Any CPU = Release|Any CPU
	EndGlobalSection
	GlobalSection(ProjectConfigurationPlatforms) = postSolution
		{10AB55BF-0094-D35C-1E76-FD6C9CAAF94F}.Debug|Any CPU.ActiveCfg = Debug|Any CPU
		{10AB55BF-0094-D35C-1E76-FD6C9CAAF94F}.Debug|Any CPU.Build.0 = Debug|Any CPU
		{10AB55BF-0094-D35C-1E76-FD6C9CAAF94F}.Release|Any CPU.ActiveCfg = Release|Any CPU
		{10AB55BF-0094-D35C-1E76-FD6C9CAAF94F}.Release|Any CPU.Build.0 = Release|Any CPU
		{D754C677-3930-FA06-46E6-57AA2A35520F}.Debug|Any CPU.ActiveCfg = Debug|Any CPU
		{D754C677-3930-FA06-46E6-57AA2A35520F}.Debug|Any CPU.Build.0 = Debug|Any CPU
		{D754C677-3930-FA06-46E6-57AA2A35520F}.Release|Any CPU.ActiveCfg = Release|Any CPU
		{D754C677-3930-FA06-46E6-57AA2A35520F}.Release|Any CPU.Build.0 = Release|Any CPU
	EndGlobalSection
	GlobalSection(SolutionProperties) = preSolution
		HideSolutionNode = FALSE
	EndGlobalSection
EndGlobal
