
Microsoft Visual Studio Solution File, Format Version 12.00
# Visual Studio for Mac
Project("{FAE04EC0-301F-11D3-BF4B-00C04F79EFBC}") = "rush_00_2pm20", "rush_00_2pm20.csproj", "{2DB6009C-C53C-6BF3-706B-4AC177ABE8ED}"
EndProject
Project("{FAE04EC0-301F-11D3-BF4B-00C04F79EFBC}") = "rush_00_2pm20.Editor", "rush_00_2pm20.Editor.csproj", "{414D90A5-9EB5-ABA1-5122-36173CBA0210}"
EndProject
Global
	GlobalSection(SolutionConfigurationPlatforms) = preSolution
		Debug|Any CPU = Debug|Any CPU
		Release|Any CPU = Release|Any CPU
	EndGlobalSection
	GlobalSection(ProjectConfigurationPlatforms) = postSolution
		{2DB6009C-C53C-6BF3-706B-4AC177ABE8ED}.Debug|Any CPU.ActiveCfg = Debug|Any CPU
		{2DB6009C-C53C-6BF3-706B-4AC177ABE8ED}.Debug|Any CPU.Build.0 = Debug|Any CPU
		{2DB6009C-C53C-6BF3-706B-4AC177ABE8ED}.Release|Any CPU.ActiveCfg = Release|Any CPU
		{2DB6009C-C53C-6BF3-706B-4AC177ABE8ED}.Release|Any CPU.Build.0 = Release|Any CPU
		{414D90A5-9EB5-ABA1-5122-36173CBA0210}.Debug|Any CPU.ActiveCfg = Debug|Any CPU
		{414D90A5-9EB5-ABA1-5122-36173CBA0210}.Debug|Any CPU.Build.0 = Debug|Any CPU
		{414D90A5-9EB5-ABA1-5122-36173CBA0210}.Release|Any CPU.ActiveCfg = Release|Any CPU
		{414D90A5-9EB5-ABA1-5122-36173CBA0210}.Release|Any CPU.Build.0 = Release|Any CPU
	EndGlobalSection
	GlobalSection(SolutionProperties) = preSolution
		HideSolutionNode = FALSE
	EndGlobalSection
EndGlobal
