
Microsoft Visual Studio Solution File, Format Version 12.00
# Visual Studio for Mac
Project("{FAE04EC0-301F-11D3-BF4B-00C04F79EFBC}") = "d06", "d06.csproj", "{E5CE1A39-A1F9-C9C1-1EEA-18F99FDC968D}"
EndProject
Global
	GlobalSection(SolutionConfigurationPlatforms) = preSolution
		Debug|Any CPU = Debug|Any CPU
		Release|Any CPU = Release|Any CPU
	EndGlobalSection
	GlobalSection(ProjectConfigurationPlatforms) = postSolution
		{E5CE1A39-A1F9-C9C1-1EEA-18F99FDC968D}.Debug|Any CPU.ActiveCfg = Debug|Any CPU
		{E5CE1A39-A1F9-C9C1-1EEA-18F99FDC968D}.Debug|Any CPU.Build.0 = Debug|Any CPU
		{E5CE1A39-A1F9-C9C1-1EEA-18F99FDC968D}.Release|Any CPU.ActiveCfg = Release|Any CPU
		{E5CE1A39-A1F9-C9C1-1EEA-18F99FDC968D}.Release|Any CPU.Build.0 = Release|Any CPU
	EndGlobalSection
	GlobalSection(SolutionProperties) = preSolution
		HideSolutionNode = FALSE
	EndGlobalSection
EndGlobal
